
Microsoft Visual Studio Solution File, Format Version 12.00
# Visual Studio Version 17
VisualStudioVersion = 17.3.32519.111
MinimumVisualStudioVersion = 10.0.40219.1
Project("{9A19103F-16F7-4668-BE54-9A1E7A4F7556}") = "TeleEngine.NET", "source\TeleEngine.NET\TeleEngine.NET.csproj", "{5CD9B4BF-F7A8-43A7-ACE0-2E16BB8D1AA1}"
EndProject
Project("{9A19103F-16F7-4668-BE54-9A1E7A4F7556}") = "TeleEngine.NET.Examples.GettingStarted", "source\TeleEngine.NET.Examples.GettingStarted\TeleEngine.NET.Examples.GettingStarted.csproj", "{514F09AA-DB93-400E-ABEA-A5D3EB533CE0}"
EndProject
Global
	GlobalSection(SolutionConfigurationPlatforms) = preSolution
		Debug|Any CPU = Debug|Any CPU
		Release|Any CPU = Release|Any CPU
	EndGlobalSection
	GlobalSection(ProjectConfigurationPlatforms) = postSolution
		{5CD9B4BF-F7A8-43A7-ACE0-2E16BB8D1AA1}.Debug|Any CPU.ActiveCfg = Debug|Any CPU
		{5CD9B4BF-F7A8-43A7-ACE0-2E16BB8D1AA1}.Debug|Any CPU.Build.0 = Debug|Any CPU
		{5CD9B4BF-F7A8-43A7-ACE0-2E16BB8D1AA1}.Release|Any CPU.ActiveCfg = Release|Any CPU
		{5CD9B4BF-F7A8-43A7-ACE0-2E16BB8D1AA1}.Release|Any CPU.Build.0 = Release|Any CPU
		{514F09AA-DB93-400E-ABEA-A5D3EB533CE0}.Debug|Any CPU.ActiveCfg = Debug|Any CPU
		{514F09AA-DB93-400E-ABEA-A5D3EB533CE0}.Debug|Any CPU.Build.0 = Debug|Any CPU
		{514F09AA-DB93-400E-ABEA-A5D3EB533CE0}.Release|Any CPU.ActiveCfg = Release|Any CPU
		{514F09AA-DB93-400E-ABEA-A5D3EB533CE0}.Release|Any CPU.Build.0 = Release|Any CPU
	EndGlobalSection
	GlobalSection(SolutionProperties) = preSolution
		HideSolutionNode = FALSE
	EndGlobalSection
	GlobalSection(ExtensibilityGlobals) = postSolution
		SolutionGuid = {E6C68BF0-3405-484F-ACA1-F21F471052D7}
	EndGlobalSection
EndGlobal
